// !$*UTF8*$!
{
	archiveVersion = 1;
	classes = {
	};
	objectVersion = 50;
	objects = {

/* Begin PBXBuildFile section */
		C877DF5C24B3AB49005C735D /* ViewController.swift in Sources */ = {isa = PBXBuildFile; fileRef = C877DF5B24B3AB48005C735D /* ViewController.swift */; };
		C88186C224BC5993001C6DDA /* AppDelegate.swift in Sources */ = {isa = PBXBuildFile; fileRef = C88186C124BC5993001C6DDA /* AppDelegate.swift */; };
		C8D0A8082498D09200E29CD0 /* SceneDelegate.swift in Sources */ = {isa = PBXBuildFile; fileRef = C8D0A8072498D09200E29CD0 /* SceneDelegate.swift */; };
		C8D0A80F2498D09600E29CD0 /* Assets.xcassets in Resources */ = {isa = PBXBuildFile; fileRef = C8D0A80E2498D09600E29CD0 /* Assets.xcassets */; };
		C8D0A81C2498D50B00E29CD0 /* ConnectViewController.swift in Sources */ = {isa = PBXBuildFile; fileRef = C8D0A81B2498D50B00E29CD0 /* ConnectViewController.swift */; };
		C8D0A81E2498D50F00E29CD0 /* SettingsViewController.swift in Sources */ = {isa = PBXBuildFile; fileRef = C8D0A81D2498D50F00E29CD0 /* SettingsViewController.swift */; };
		C8D0A8202498D51200E29CD0 /* BluetoothSerial.swift in Sources */ = {isa = PBXBuildFile; fileRef = C8D0A81F2498D51200E29CD0 /* BluetoothSerial.swift */; };
		C8D0A8222498D51800E29CD0 /* LaunchScreen.storyboard in Resources */ = {isa = PBXBuildFile; fileRef = C8D0A8212498D51800E29CD0 /* LaunchScreen.storyboard */; };
		C8E7B504249A4BDA0018327C /* ViewControllerExtention.swift in Sources */ = {isa = PBXBuildFile; fileRef = C8E7B503249A4BDA0018327C /* ViewControllerExtention.swift */; };
/* End PBXBuildFile section */

/* Begin PBXFileReference section */
		C877DF5B24B3AB48005C735D /* ViewController.swift */ = {isa = PBXFileReference; fileEncoding = 4; lastKnownFileType = sourcecode.swift; path = ViewController.swift; sourceTree = "<group>"; };
		C88186C124BC5993001C6DDA /* AppDelegate.swift */ = {isa = PBXFileReference; fileEncoding = 4; lastKnownFileType = sourcecode.swift; path = AppDelegate.swift; sourceTree = "<group>"; };
		C8D0A8022498D09200E29CD0 /* EsLightControl.app */ = {isa = PBXFileReference; explicitFileType = wrapper.application; includeInIndex = 0; path = EsLightControl.app; sourceTree = BUILT_PRODUCTS_DIR; };
		C8D0A8072498D09200E29CD0 /* SceneDelegate.swift */ = {isa = PBXFileReference; lastKnownFileType = sourcecode.swift; path = SceneDelegate.swift; sourceTree = "<group>"; };
		C8D0A80E2498D09600E29CD0 /* Assets.xcassets */ = {isa = PBXFileReference; lastKnownFileType = folder.assetcatalog; path = Assets.xcassets; sourceTree = "<group>"; };
		C8D0A8132498D09600E29CD0 /* Info.plist */ = {isa = PBXFileReference; lastKnownFileType = text.plist.xml; path = Info.plist; sourceTree = "<group>"; };
		C8D0A81B2498D50B00E29CD0 /* ConnectViewController.swift */ = {isa = PBXFileReference; fileEncoding = 4; lastKnownFileType = sourcecode.swift; path = ConnectViewController.swift; sourceTree = "<group>"; };
		C8D0A81D2498D50F00E29CD0 /* SettingsViewController.swift */ = {isa = PBXFileReference; fileEncoding = 4; lastKnownFileType = sourcecode.swift; path = SettingsViewController.swift; sourceTree = "<group>"; };
		C8D0A81F2498D51200E29CD0 /* BluetoothSerial.swift */ = {isa = PBXFileReference; fileEncoding = 4; lastKnownFileType = sourcecode.swift; path = BluetoothSerial.swift; sourceTree = "<group>"; };
		C8D0A8212498D51800E29CD0 /* LaunchScreen.storyboard */ = {isa = PBXFileReference; fileEncoding = 4; lastKnownFileType = file.storyboard; path = LaunchScreen.storyboard; sourceTree = "<group>"; };
		C8E7B503249A4BDA0018327C /* ViewControllerExtention.swift */ = {isa = PBXFileReference; lastKnownFileType = sourcecode.swift; path = ViewControllerExtention.swift; sourceTree = "<group>"; };
/* End PBXFileReference section */

/* Begin PBXFrameworksBuildPhase section */
		C8D0A7FF2498D09200E29CD0 /* Frameworks */ = {
			isa = PBXFrameworksBuildPhase;
			buildActionMask = 2147483647;
			files = (
			);
			runOnlyForDeploymentPostprocessing = 0;
		};
/* End PBXFrameworksBuildPhase section */

/* Begin PBXGroup section */
		C8D0A7F92498D09200E29CD0 = {
			isa = PBXGroup;
			children = (
				C8D0A8042498D09200E29CD0 /* EsLightControl */,
				C8D0A8032498D09200E29CD0 /* Products */,
			);
			sourceTree = "<group>";
		};
		C8D0A8032498D09200E29CD0 /* Products */ = {
			isa = PBXGroup;
			children = (
				C8D0A8022498D09200E29CD0 /* EsLightControl.app */,
			);
			name = Products;
			sourceTree = "<group>";
		};
		C8D0A8042498D09200E29CD0 /* EsLightControl */ = {
			isa = PBXGroup;
			children = (
				C88186C124BC5993001C6DDA /* AppDelegate.swift */,
				C8D0A8072498D09200E29CD0 /* SceneDelegate.swift */,
				C877DF5B24B3AB48005C735D /* ViewController.swift */,
				C8E7B503249A4BDA0018327C /* ViewControllerExtention.swift */,
				C8D0A81B2498D50B00E29CD0 /* ConnectViewController.swift */,
				C8D0A81D2498D50F00E29CD0 /* SettingsViewController.swift */,
				C8D0A81F2498D51200E29CD0 /* BluetoothSerial.swift */,
				C8D0A80E2498D09600E29CD0 /* Assets.xcassets */,
				C8D0A8212498D51800E29CD0 /* LaunchScreen.storyboard */,
				C8D0A8132498D09600E29CD0 /* Info.plist */,
			);
			path = EsLightControl;
			sourceTree = "<group>";
		};
/* End PBXGroup section */

/* Begin PBXNativeTarget section */
		C8D0A8012498D09200E29CD0 /* EsLightControl */ = {
			isa = PBXNativeTarget;
			buildConfigurationList = C8D0A8162498D09600E29CD0 /* Build configuration list for PBXNativeTarget "EsLightControl" */;
			buildPhases = (
				C8D0A7FE2498D09200E29CD0 /* Sources */,
				C8D0A7FF2498D09200E29CD0 /* Frameworks */,
				C8D0A8002498D09200E29CD0 /* Resources */,
			);
			buildRules = (
			);
			dependencies = (
			);
			name = EsLightControl;
			productName = EsLightControl;
			productReference = C8D0A8022498D09200E29CD0 /* EsLightControl.app */;
			productType = "com.apple.product-type.application";
		};
/* End PBXNativeTarget section */

/* Begin PBXProject section */
		C8D0A7FA2498D09200E29CD0 /* Project object */ = {
			isa = PBXProject;
			attributes = {
				LastSwiftUpdateCheck = 1150;
				LastUpgradeCheck = 1150;
				ORGANIZATIONNAME = "Yura Menschikov";
				TargetAttributes = {
					C8D0A8012498D09200E29CD0 = {
						CreatedOnToolsVersion = 11.5;
					};
				};
			};
			buildConfigurationList = C8D0A7FD2498D09200E29CD0 /* Build configuration list for PBXProject "EsLightControl" */;
			compatibilityVersion = "Xcode 9.3";
			developmentRegion = en;
			hasScannedForEncodings = 0;
			knownRegions = (
				en,
				Base,
			);
			mainGroup = C8D0A7F92498D09200E29CD0;
			productRefGroup = C8D0A8032498D09200E29CD0 /* Products */;
			projectDirPath = "";
			projectRoot = "";
			targets = (
				C8D0A8012498D09200E29CD0 /* EsLightControl */,
			);
		};
/* End PBXProject section */

/* Begin PBXResourcesBuildPhase section */
		C8D0A8002498D09200E29CD0 /* Resources */ = {
			isa = PBXResourcesBuildPhase;
			buildActionMask = 2147483647;
			files = (
				C8D0A80F2498D09600E29CD0 /* Assets.xcassets in Resources */,
				C8D0A8222498D51800E29CD0 /* LaunchScreen.storyboard in Resources */,
			);
			runOnlyForDeploymentPostprocessing = 0;
		};
/* End PBXResourcesBuildPhase section */

/* Begin PBXSourcesBuildPhase section */
		C8D0A7FE2498D09200E29CD0 /* Sources */ = {
			isa = PBXSourcesBuildPhase;
			buildActionMask = 2147483647;
			files = (
				C8D0A8202498D51200E29CD0 /* BluetoothSerial.swift in Sources */,
				C8E7B504249A4BDA0018327C /* ViewControllerExtention.swift in Sources */,
				C8D0A8082498D09200E29CD0 /* SceneDelegate.swift in Sources */,
				C877DF5C24B3AB49005C735D /* ViewController.swift in Sources */,
				C88186C224BC5993001C6DDA /* AppDelegate.swift in Sources */,
				C8D0A81E2498D50F00E29CD0 /* SettingsViewController.swift in Sources */,
				C8D0A81C2498D50B00E29CD0 /* ConnectViewController.swift in Sources */,
			);
			runOnlyForDeploymentPostprocessing = 0;
		};
/* End PBXSourcesBuildPhase section */

/* Begin XCBuildConfiguration section */
		C8D0A8142498D09600E29CD0 /* Debug */ = {
			isa = XCBuildConfiguration;
			buildSettings = {
				ALWAYS_SEARCH_USER_PATHS = NO;
				CLANG_ANALYZER_NONNULL = YES;
				CLANG_ANALYZER_NUMBER_OBJECT_CONVERSION = YES_AGGRESSIVE;
				CLANG_CXX_LANGUAGE_STANDARD = "gnu++14";
				CLANG_CXX_LIBRARY = "libc++";
				CLANG_ENABLE_MODULES = YES;
				CLANG_ENABLE_OBJC_ARC = YES;
				CLANG_ENABLE_OBJC_WEAK = YES;
				CLANG_WARN_BLOCK_CAPTURE_AUTORELEASING = YES;
				CLANG_WARN_BOOL_CONVERSION = YES;
				CLANG_WARN_COMMA = YES;
				CLANG_WARN_CONSTANT_CONVERSION = YES;
				CLANG_WARN_DEPRECATED_OBJC_IMPLEMENTATIONS = YES;
				CLANG_WARN_DIRECT_OBJC_ISA_USAGE = YES_ERROR;
				CLANG_WARN_DOCUMENTATION_COMMENTS = YES;
				CLANG_WARN_EMPTY_BODY = YES;
				CLANG_WARN_ENUM_CONVERSION = YES;
				CLANG_WARN_INFINITE_RECURSION = YES;
				CLANG_WARN_INT_CONVERSION = YES;
				CLANG_WARN_NON_LITERAL_NULL_CONVERSION = YES;
				CLANG_WARN_OBJC_IMPLICIT_RETAIN_SELF = YES;
				CLANG_WARN_OBJC_LITERAL_CONVERSION = YES;
				CLANG_WARN_OBJC_ROOT_CLASS = YES_ERROR;
				CLANG_WARN_RANGE_LOOP_ANALYSIS = YES;
				CLANG_WARN_STRICT_PROTOTYPES = YES;
				CLANG_WARN_SUSPICIOUS_MOVE = YES;
				CLANG_WARN_UNGUARDED_AVAILABILITY = YES_AGGRESSIVE;
				CLANG_WARN_UNREACHABLE_CODE = YES;
				CLANG_WARN__DUPLICATE_METHOD_MATCH = YES;
				COPY_PHASE_STRIP = NO;
				DEBUG_INFORMATION_FORMAT = dwarf;
				ENABLE_STRICT_OBJC_MSGSEND = YES;
				ENABLE_TESTABILITY = YES;
				GCC_C_LANGUAGE_STANDARD = gnu11;
				GCC_DYNAMIC_NO_PIC = NO;
				GCC_NO_COMMON_BLOCKS = YES;
				GCC_OPTIMIZATION_LEVEL = 0;
				GCC_PREPROCESSOR_DEFINITIONS = (
					"DEBUG=1",
					"$(inherited)",
				);
				GCC_WARN_64_TO_32_BIT_CONVERSION = YES;
				GCC_WARN_ABOUT_RETURN_TYPE = YES_ERROR;
				GCC_WARN_UNDECLARED_SELECTOR = YES;
				GCC_WARN_UNINITIALIZED_AUTOS = YES_AGGRESSIVE;
				GCC_WARN_UNUSED_FUNCTION = YES;
				GCC_WARN_UNUSED_VARIABLE = YES;
				IPHONEOS_DEPLOYMENT_TARGET = 12.0;
				MTL_ENABLE_DEBUG_INFO = INCLUDE_SOURCE;
				MTL_FAST_MATH = YES;
				ONLY_ACTIVE_ARCH = YES;
				SDKROOT = iphoneos;
				SWIFT_ACTIVE_COMPILATION_CONDITIONS = DEBUG;
				SWIFT_OPTIMIZATION_LEVEL = "-Onone";
			};
			name = Debug;
		};
		C8D0A8152498D09600E29CD0 /* Release */ = {
			isa = XCBuildConfiguration;
			buildSettings = {
				ALWAYS_SEARCH_USER_PATHS = NO;
				CLANG_ANALYZER_NONNULL = YES;
				CLANG_ANALYZER_NUMBER_OBJECT_CONVERSION = YES_AGGRESSIVE;
				CLANG_CXX_LANGUAGE_STANDARD = "gnu++14";
				CLANG_CXX_LIBRARY = "libc++";
				CLANG_ENABLE_MODULES = YES;
				CLANG_ENABLE_OBJC_ARC = YES;
				CLANG_ENABLE_OBJC_WEAK = YES;
				CLANG_WARN_BLOCK_CAPTURE_AUTORELEASING = YES;
				CLANG_WARN_BOOL_CONVERSION = YES;
				CLANG_WARN_COMMA = YES;
				CLANG_WARN_CONSTANT_CONVERSION = YES;
				CLANG_WARN_DEPRECATED_OBJC_IMPLEMENTATIONS = YES;
				CLANG_WARN_DIRECT_OBJC_ISA_USAGE = YES_ERROR;
				CLANG_WARN_DOCUMENTATION_COMMENTS = YES;
				CLANG_WARN_EMPTY_BODY = YES;
				CLANG_WARN_ENUM_CONVERSION = YES;
				CLANG_WARN_INFINITE_RECURSION = YES;
				CLANG_WARN_INT_CONVERSION = YES;
				CLANG_WARN_NON_LITERAL_NULL_CONVERSION = YES;
				CLANG_WARN_OBJC_IMPLICIT_RETAIN_SELF = YES;
				CLANG_WARN_OBJC_LITERAL_CONVERSION = YES;
				CLANG_WARN_OBJC_ROOT_CLASS = YES_ERROR;
				CLANG_WARN_RANGE_LOOP_ANALYSIS = YES;
				CLANG_WARN_STRICT_PROTOTYPES = YES;
				CLANG_WARN_SUSPICIOUS_MOVE = YES;
				CLANG_WARN_UNGUARDED_AVAILABILITY = YES_AGGRESSIVE;
				CLANG_WARN_UNREACHABLE_CODE = YES;
				CLANG_WARN__DUPLICATE_METHOD_MATCH = YES;
				COPY_PHASE_STRIP = NO;
				DEBUG_INFORMATION_FORMAT = "dwarf-with-dsym";
				ENABLE_NS_ASSERTIONS = NO;
				ENABLE_STRICT_OBJC_MSGSEND = YES;
				GCC_C_LANGUAGE_STANDARD = gnu11;
				GCC_NO_COMMON_BLOCKS = YES;
				GCC_WARN_64_TO_32_BIT_CONVERSION = YES;
				GCC_WARN_ABOUT_RETURN_TYPE = YES_ERROR;
				GCC_WARN_UNDECLARED_SELECTOR = YES;
				GCC_WARN_UNINITIALIZED_AUTOS = YES_AGGRESSIVE;
				GCC_WARN_UNUSED_FUNCTION = YES;
				GCC_WARN_UNUSED_VARIABLE = YES;
				IPHONEOS_DEPLOYMENT_TARGET = 12.0;
				MTL_ENABLE_DEBUG_INFO = NO;
				MTL_FAST_MATH = YES;
				SDKROOT = iphoneos;
				SWIFT_COMPILATION_MODE = wholemodule;
				SWIFT_OPTIMIZATION_LEVEL = "-O";
				VALIDATE_PRODUCT = YES;
			};
			name = Release;
		};
		C8D0A8172498D09600E29CD0 /* Debug */ = {
			isa = XCBuildConfiguration;
			buildSettings = {
				ASSETCATALOG_COMPILER_APPICON_NAME = AppIcon;
				CODE_SIGN_STYLE = Automatic;
				DEVELOPMENT_TEAM = M94NGHU325;
				INFOPLIST_FILE = EsLightControl/Info.plist;
				IPHONEOS_DEPLOYMENT_TARGET = 12.0;
				LD_RUNPATH_SEARCH_PATHS = (
					"$(inherited)",
					"@executable_path/Frameworks",
				);
				PRODUCT_BUNDLE_IDENTIFIER = YM.EsLightControl;
				PRODUCT_NAME = "$(TARGET_NAME)";
				SWIFT_VERSION = 5.0;
				TARGETED_DEVICE_FAMILY = 1;
			};
			name = Debug;
		};
		C8D0A8182498D09600E29CD0 /* Release */ = {
			isa = XCBuildConfiguration;
			buildSettings = {
				ASSETCATALOG_COMPILER_APPICON_NAME = AppIcon;
				CODE_SIGN_STYLE = Automatic;
				DEVELOPMENT_TEAM = M94NGHU325;
				INFOPLIST_FILE = EsLightControl/Info.plist;
				IPHONEOS_DEPLOYMENT_TARGET = 12.0;
				LD_RUNPATH_SEARCH_PATHS = (
					"$(inherited)",
					"@executable_path/Frameworks",
				);
				PRODUCT_BUNDLE_IDENTIFIER = YM.EsLightControl;
				PRODUCT_NAME = "$(TARGET_NAME)";
				SWIFT_VERSION = 5.0;
				TARGETED_DEVICE_FAMILY = 1;
			};
			name = Release;
		};
/* End XCBuildConfiguration section */

/* Begin XCConfigurationList section */
		C8D0A7FD2498D09200E29CD0 /* Build configuration list for PBXProject "EsLightControl" */ = {
			isa = XCConfigurationList;
			buildConfigurations = (
				C8D0A8142498D09600E29CD0 /* Debug */,
				C8D0A8152498D09600E29CD0 /* Release */,
			);
			defaultConfigurationIsVisible = 0;
			defaultConfigurationName = Release;
		};
		C8D0A8162498D09600E29CD0 /* Build configuration list for PBXNativeTarget "EsLightControl" */ = {
			isa = XCConfigurationList;
			buildConfigurations = (
				C8D0A8172498D09600E29CD0 /* Debug */,
				C8D0A8182498D09600E29CD0 /* Release */,
			);
			defaultConfigurationIsVisible = 0;
			defaultConfigurationName = Release;
		};
/* End XCConfigurationList section */
	};
	rootObject = C8D0A7FA2498D09200E29CD0 /* Project object */;
}
